# This file is automatically @generated by Cargo.
# It is not intended for manual editing.
version = 3

[[package]]
name = "departments-iterator"
version = "0.1.0"
dependencies = [
 "jet_programmable_rust_binding",
]

[[package]]
name = "echo"
version = "0.1.0"
dependencies = [
 "jet_programmable_rust_binding",
]

[[package]]
name = "get-naive-datetime-period-range"
version = "0.1.0"
dependencies = [
 "jet_programmable_rust_binding",
 "time",
]

[[package]]
name = "get-naive-datetime-period-text"
version = "0.1.0"
dependencies = [
 "jet_programmable_rust_binding",
]

[[package]]
name = "integer-sum"
version = "0.1.0"
dependencies = [
 "jet_programmable_rust_binding",
]

[[package]]
name = "itoa"
version = "1.0.1"
source = "registry+https://github.com/rust-lang/crates.io-index"
checksum = "1aab8fc367588b89dcee83ab0fd66b72b50b72fa1904d7095045ace2b0c81c35"

[[package]]
name = "jet_programmable_rust_binding"
version = "0.1.0"
source = "git+https://github.com/Byzanteam/jet-programmable-rust-binding#b31b593ebdb7141c393c59a33d690f3707da6964"
dependencies = [
 "serde_json",
 "time",
 "uuid",
]

[[package]]
name = "libc"
version = "0.2.125"
source = "registry+https://github.com/rust-lang/crates.io-index"
checksum = "5916d2ae698f6de9bfb891ad7a8d65c09d232dc58cc4ac433c7da3b2fd84bc2b"

[[package]]
name = "list-at"
version = "0.1.0"
dependencies = [
 "jet_programmable_rust_binding",
 "serde_json",
]

[[package]]
name = "naive-datetime-add"
version = "0.1.0"
dependencies = [
 "jet_programmable_rust_binding",
 "time",
]

[[package]]
name = "next-day-of-week"
version = "0.1.0"
dependencies = [
 "jet_programmable_rust_binding",
 "time",
]

[[package]]
name = "num_threads"
version = "0.1.6"
source = "registry+https://github.com/rust-lang/crates.io-index"
checksum = "2819ce041d2ee131036f4fc9d6ae7ae125a3a40e97ba64d04fe799ad9dabbb44"
dependencies = [
 "libc",
]

[[package]]
name = "ryu"
version = "1.0.9"
source = "registry+https://github.com/rust-lang/crates.io-index"
checksum = "73b4b750c782965c211b42f022f59af1fbceabdd026623714f104152f1ec149f"

[[package]]
name = "serde"
version = "1.0.137"
source = "registry+https://github.com/rust-lang/crates.io-index"
checksum = "61ea8d54c77f8315140a05f4c7237403bf38b72704d031543aa1d16abbf517d1"

[[package]]
name = "serde_json"
version = "1.0.81"
source = "registry+https://github.com/rust-lang/crates.io-index"
checksum = "9b7ce2b32a1aed03c558dc61a5cd328f15aff2dbc17daad8fb8af04d2100e15c"
dependencies = [
 "itoa",
 "ryu",
 "serde",
]

[[package]]
name = "table-row-field-value-to-cascader-field-value"
version = "0.1.0"
dependencies = [
 "jet_programmable_rust_binding",
]

[[package]]
name = "time"
version = "0.3.9"
source = "registry+https://github.com/rust-lang/crates.io-index"
checksum = "c2702e08a7a860f005826c6815dcac101b19b5eb330c27fe4a5928fec1d20ddd"
dependencies = [
 "itoa",
 "libc",
 "num_threads",
 "time-macros",
]

[[package]]
name = "time-macros"
version = "0.2.4"
source = "registry+https://github.com/rust-lang/crates.io-index"
checksum = "42657b1a6f4d817cda8e7a0ace261fe0cc946cf3a80314390b22cc61ae080792"

[[package]]
name = "uuid"
version = "1.0.0"
source = "registry+https://github.com/rust-lang/crates.io-index"
checksum = "8cfcd319456c4d6ea10087ed423473267e1a071f3bc0aa89f80d60997843c6f0"
