# This file is automatically @generated by Cargo.
# It is not intended for manual editing.
version = 3

[[package]]
name = "departments-iterator"
version = "0.1.0"
dependencies = [
 "jet_programmable_rust_binding 0.1.0 (git+https://github.com/Byzanteam/jet-programmable-rust-binding)",
]

[[package]]
name = "echo"
version = "0.1.0"
dependencies = [
 "jet_programmable_rust_binding 0.1.0 (git+https://github.com/Byzanteam/jet-programmable-rust-binding)",
]

[[package]]
name = "get-naive-datetime-period-range"
version = "0.1.0"
dependencies = [
 "jet_programmable_rust_binding 0.1.0 (git+https://github.com/Byzanteam/jet-programmable-rust-binding)",
 "time",
]

[[package]]
name = "get-naive-datetime-period-text"
version = "0.1.0"
dependencies = [
 "jet_programmable_rust_binding 0.1.0 (git+https://github.com/Byzanteam/jet-programmable-rust-binding)",
]

[[package]]
name = "integer-sum"
version = "0.1.0"
dependencies = [
 "jet_programmable_rust_binding 0.1.0 (git+https://github.com/Byzanteam/jet-programmable-rust-binding)",
]

[[package]]
name = "itoa"
version = "1.0.1"
source = "registry+https://github.com/rust-lang/crates.io-index"
checksum = "1aab8fc367588b89dcee83ab0fd66b72b50b72fa1904d7095045ace2b0c81c35"

[[package]]
name = "jet_programmable_rust_binding"
version = "0.1.0"
source = "git+https://github.com/Byzanteam/jet-programmable-rust-binding?branch=feat/fahchen/networking#1d2be2387c4132eb9de03b5c705780e14340c01c"
dependencies = [
 "serde",
 "serde_json",
 "time",
 "uuid",
]

[[package]]
name = "jet_programmable_rust_binding"
version = "0.1.0"
source = "git+https://github.com/Byzanteam/jet-programmable-rust-binding#b31b593ebdb7141c393c59a33d690f3707da6964"
dependencies = [
 "serde_json",
 "time",
 "uuid",
]

[[package]]
name = "libc"
version = "0.2.125"
source = "registry+https://github.com/rust-lang/crates.io-index"
checksum = "5916d2ae698f6de9bfb891ad7a8d65c09d232dc58cc4ac433c7da3b2fd84bc2b"

[[package]]
name = "list-at"
version = "0.1.0"
dependencies = [
 "jet_programmable_rust_binding 0.1.0 (git+https://github.com/Byzanteam/jet-programmable-rust-binding)",
 "serde_json",
]

[[package]]
name = "naive-datetime-add"
version = "0.1.0"
dependencies = [
 "jet_programmable_rust_binding 0.1.0 (git+https://github.com/Byzanteam/jet-programmable-rust-binding)",
 "time",
]

[[package]]
name = "networking-sample"
version = "0.1.0"
dependencies = [
 "jet_programmable_rust_binding 0.1.0 (git+https://github.com/Byzanteam/jet-programmable-rust-binding?branch=feat/fahchen/networking)",
 "serde_json",
]

[[package]]
name = "next-day-of-week"
version = "0.1.0"
dependencies = [
 "jet_programmable_rust_binding 0.1.0 (git+https://github.com/Byzanteam/jet-programmable-rust-binding)",
 "time",
]

[[package]]
name = "num_threads"
version = "0.1.6"
source = "registry+https://github.com/rust-lang/crates.io-index"
checksum = "2819ce041d2ee131036f4fc9d6ae7ae125a3a40e97ba64d04fe799ad9dabbb44"
dependencies = [
 "libc",
]

[[package]]
name = "proc-macro2"
version = "1.0.47"
source = "registry+https://github.com/rust-lang/crates.io-index"
checksum = "5ea3d908b0e36316caf9e9e2c4625cdde190a7e6f440d794667ed17a1855e725"
dependencies = [
 "unicode-ident",
]

[[package]]
name = "quote"
version = "1.0.21"
source = "registry+https://github.com/rust-lang/crates.io-index"
checksum = "bbe448f377a7d6961e30f5955f9b8d106c3f5e449d493ee1b125c1d43c2b5179"
dependencies = [
 "proc-macro2",
]

[[package]]
name = "ryu"
version = "1.0.9"
source = "registry+https://github.com/rust-lang/crates.io-index"
checksum = "73b4b750c782965c211b42f022f59af1fbceabdd026623714f104152f1ec149f"

[[package]]
name = "serde"
version = "1.0.137"
source = "registry+https://github.com/rust-lang/crates.io-index"
checksum = "61ea8d54c77f8315140a05f4c7237403bf38b72704d031543aa1d16abbf517d1"
dependencies = [
 "serde_derive",
]

[[package]]
name = "serde_derive"
version = "1.0.137"
source = "registry+https://github.com/rust-lang/crates.io-index"
checksum = "1f26faba0c3959972377d3b2d306ee9f71faee9714294e41bb777f83f88578be"
dependencies = [
 "proc-macro2",
 "quote",
 "syn",
]

[[package]]
name = "serde_json"
version = "1.0.89"
source = "registry+https://github.com/rust-lang/crates.io-index"
checksum = "020ff22c755c2ed3f8cf162dbb41a7268d934702f3ed3631656ea597e08fc3db"
dependencies = [
 "itoa",
 "ryu",
 "serde",
]

[[package]]
name = "syn"
version = "1.0.105"
source = "registry+https://github.com/rust-lang/crates.io-index"
checksum = "60b9b43d45702de4c839cb9b51d9f529c5dd26a4aff255b42b1ebc03e88ee908"
dependencies = [
 "proc-macro2",
 "quote",
 "unicode-ident",
]

[[package]]
name = "table-row-field-value-to-cascader-field-value"
version = "0.1.0"
dependencies = [
 "jet_programmable_rust_binding 0.1.0 (git+https://github.com/Byzanteam/jet-programmable-rust-binding)",
]

[[package]]
name = "time"
version = "0.3.9"
source = "registry+https://github.com/rust-lang/crates.io-index"
checksum = "c2702e08a7a860f005826c6815dcac101b19b5eb330c27fe4a5928fec1d20ddd"
dependencies = [
 "itoa",
 "libc",
 "num_threads",
 "time-macros",
]

[[package]]
name = "time-macros"
version = "0.2.4"
source = "registry+https://github.com/rust-lang/crates.io-index"
checksum = "42657b1a6f4d817cda8e7a0ace261fe0cc946cf3a80314390b22cc61ae080792"

[[package]]
name = "unicode-ident"
version = "1.0.5"
source = "registry+https://github.com/rust-lang/crates.io-index"
checksum = "6ceab39d59e4c9499d4e5a8ee0e2735b891bb7308ac83dfb4e80cad195c9f6f3"

[[package]]
name = "uuid"
version = "1.0.0"
source = "registry+https://github.com/rust-lang/crates.io-index"
checksum = "8cfcd319456c4d6ea10087ed423473267e1a071f3bc0aa89f80d60997843c6f0"
